
Microsoft Visual Studio Solution File, Format Version 12.00
# Visual Studio Version 17
VisualStudioVersion = 17.13.35931.197
MinimumVisualStudioVersion = 10.0.40219.1
Project("{FAE04EC0-301F-11D3-BF4B-00C04F79EFBC}") = "Webshop_Console", "Webshop_Console\Webshop_Console.csproj", "{3F732DEB-9124-4D2D-B41F-F1AA02328994}"
EndProject
Project("{FAE04EC0-301F-11D3-BF4B-00C04F79EFBC}") = "Visual", "..\Visual\Visual\Visual.csproj", "{ACEF90F8-A0F7-B65E-9983-D57AEFF4C9C0}"
EndProject
Global
	GlobalSection(SolutionConfigurationPlatforms) = preSolution
		Debug|Any CPU = Debug|Any CPU
		Release|Any CPU = Release|Any CPU
	EndGlobalSection
	GlobalSection(ProjectConfigurationPlatforms) = postSolution
		{3F732DEB-9124-4D2D-B41F-F1AA02328994}.Debug|Any CPU.ActiveCfg = Debug|Any CPU
		{3F732DEB-9124-4D2D-B41F-F1AA02328994}.Debug|Any CPU.Build.0 = Debug|Any CPU
		{3F732DEB-9124-4D2D-B41F-F1AA02328994}.Release|Any CPU.ActiveCfg = Release|Any CPU
		{3F732DEB-9124-4D2D-B41F-F1AA02328994}.Release|Any CPU.Build.0 = Release|Any CPU
		{ACEF90F8-A0F7-B65E-9983-D57AEFF4C9C0}.Debug|Any CPU.ActiveCfg = Debug|Any CPU
		{ACEF90F8-A0F7-B65E-9983-D57AEFF4C9C0}.Debug|Any CPU.Build.0 = Debug|Any CPU
		{ACEF90F8-A0F7-B65E-9983-D57AEFF4C9C0}.Release|Any CPU.ActiveCfg = Release|Any CPU
		{ACEF90F8-A0F7-B65E-9983-D57AEFF4C9C0}.Release|Any CPU.Build.0 = Release|Any CPU
	EndGlobalSection
	GlobalSection(SolutionProperties) = preSolution
		HideSolutionNode = FALSE
	EndGlobalSection
	GlobalSection(ExtensibilityGlobals) = postSolution
		SolutionGuid = {C089C41D-878E-46D9-BC83-55CF686579D4}
	EndGlobalSection
EndGlobal
